
Microsoft Visual Studio Solution File, Format Version 12.00
# Visual Studio Version 17
VisualStudioVersion = 17.5.2.0
MinimumVisualStudioVersion = 10.0.40219.1
Project("{FAE04EC0-301F-11D3-BF4B-00C04F79EFBC}") = "487-Group-Project", "487-Group-Project.csproj", "{8672D925-48C6-A911-1F04-AA408BC40E54}"
EndProject
Project("{FAE04EC0-301F-11D3-BF4B-00C04F79EFBC}") = "487-Group-Project.Tests", "487-Group-Project.Tests\487-Group-Project.Tests.csproj", "{7DF1B0B3-C71E-4904-9F7C-9596C882A0DC}"
EndProject
Global
	GlobalSection(SolutionConfigurationPlatforms) = preSolution
		Debug|Any CPU = Debug|Any CPU
		Debug|x64 = Debug|x64
		Debug|x86 = Debug|x86
		Release|Any CPU = Release|Any CPU
		Release|x64 = Release|x64
		Release|x86 = Release|x86
	EndGlobalSection
	GlobalSection(ProjectConfigurationPlatforms) = postSolution
		{8672D925-48C6-A911-1F04-AA408BC40E54}.Debug|Any CPU.ActiveCfg = Debug|Any CPU
		{8672D925-48C6-A911-1F04-AA408BC40E54}.Debug|Any CPU.Build.0 = Debug|Any CPU
		{8672D925-48C6-A911-1F04-AA408BC40E54}.Debug|x64.ActiveCfg = Debug|Any CPU
		{8672D925-48C6-A911-1F04-AA408BC40E54}.Debug|x64.Build.0 = Debug|Any CPU
		{8672D925-48C6-A911-1F04-AA408BC40E54}.Debug|x86.ActiveCfg = Debug|Any CPU
		{8672D925-48C6-A911-1F04-AA408BC40E54}.Debug|x86.Build.0 = Debug|Any CPU
		{8672D925-48C6-A911-1F04-AA408BC40E54}.Release|Any CPU.ActiveCfg = Release|Any CPU
		{8672D925-48C6-A911-1F04-AA408BC40E54}.Release|Any CPU.Build.0 = Release|Any CPU
		{8672D925-48C6-A911-1F04-AA408BC40E54}.Release|x64.ActiveCfg = Release|Any CPU
		{8672D925-48C6-A911-1F04-AA408BC40E54}.Release|x64.Build.0 = Release|Any CPU
		{8672D925-48C6-A911-1F04-AA408BC40E54}.Release|x86.ActiveCfg = Release|Any CPU
		{8672D925-48C6-A911-1F04-AA408BC40E54}.Release|x86.Build.0 = Release|Any CPU
		{7DF1B0B3-C71E-4904-9F7C-9596C882A0DC}.Debug|Any CPU.ActiveCfg = Debug|Any CPU
		{7DF1B0B3-C71E-4904-9F7C-9596C882A0DC}.Debug|Any CPU.Build.0 = Debug|Any CPU
		{7DF1B0B3-C71E-4904-9F7C-9596C882A0DC}.Debug|x64.ActiveCfg = Debug|Any CPU
		{7DF1B0B3-C71E-4904-9F7C-9596C882A0DC}.Debug|x64.Build.0 = Debug|Any CPU
		{7DF1B0B3-C71E-4904-9F7C-9596C882A0DC}.Debug|x86.ActiveCfg = Debug|Any CPU
		{7DF1B0B3-C71E-4904-9F7C-9596C882A0DC}.Debug|x86.Build.0 = Debug|Any CPU
		{7DF1B0B3-C71E-4904-9F7C-9596C882A0DC}.Release|Any CPU.ActiveCfg = Release|Any CPU
		{7DF1B0B3-C71E-4904-9F7C-9596C882A0DC}.Release|Any CPU.Build.0 = Release|Any CPU
		{7DF1B0B3-C71E-4904-9F7C-9596C882A0DC}.Release|x64.ActiveCfg = Release|Any CPU
		{7DF1B0B3-C71E-4904-9F7C-9596C882A0DC}.Release|x64.Build.0 = Release|Any CPU
		{7DF1B0B3-C71E-4904-9F7C-9596C882A0DC}.Release|x86.ActiveCfg = Release|Any CPU
		{7DF1B0B3-C71E-4904-9F7C-9596C882A0DC}.Release|x86.Build.0 = Release|Any CPU
	EndGlobalSection
	GlobalSection(SolutionProperties) = preSolution
		HideSolutionNode = FALSE
	EndGlobalSection
	GlobalSection(ExtensibilityGlobals) = postSolution
		SolutionGuid = {5FDE6193-5C37-4BA9-B2D8-D41DA3A1546E}
	EndGlobalSection
EndGlobal
